{
  "name": "@suseejs/static",
  "version": "0.1.0",
  "lockfileVersion": 3,
  "requires": true,
  "packages": {
    "": {
      "name": "@suseejs/static",
      "version": "0.1.0",
      "license": "ISC",
      "dependencies": {
        "@suseejs/mime": "^0.1.0",
        "store": "^2.0.12"
      }
    },
    "node_modules/@suseejs/mime": {
      "version": "0.1.0",
      "resolved": "https://registry.npmjs.org/@suseejs/mime/-/mime-0.1.0.tgz",
      "integrity": "sha512-hGZzzmj8i+VwkVuKAZMpKtypnS1qQjlxIAV0mv60inKO5i/lPR6FyqzQ5QctKQ6X2eqkJRjoRCyXgSl0/FuSOg==",
      "license": "Apache-2.0"
    },
    "node_modules/store": {
      "version": "2.0.12",
      "resolved": "https://registry.npmjs.org/store/-/store-2.0.12.tgz",
      "integrity": "sha512-eO9xlzDpXLiMr9W1nQ3Nfp9EzZieIQc10zPPMP5jsVV7bLOziSFFBP0XoDXACEIFtdI+rIz0NwWVA/QVJ8zJtw==",
      "license": "MIT",
      "engines": {
        "node": "*"
      }
    }
  }
}
